
Microsoft Visual Studio Solution File, Format Version 12.00
# Visual Studio 15
VisualStudioVersion = 15.0.27130.2010
MinimumVisualStudioVersion = 10.0.40219.1
Project("{9A19103F-16F7-4668-BE54-9A1E7A4F7556}") = "SudokuAPI", "SudokuAPI\SudokuAPI.csproj", "{B59B0489-1D35-4905-A560-7B7851FFC878}"
EndProject
Project("{9A19103F-16F7-4668-BE54-9A1E7A4F7556}") = "XUnitTestProject1", "XUnitTestProject1\XUnitTestProject1.csproj", "{17267E5C-C0EE-47BB-853B-FA537533DCFB}"
EndProject
Project("{FAE04EC0-301F-11D3-BF4B-00C04F79EFBC}") = "StyleCop_Rules", "StyleCop\StyleCop_Rules.csproj", "{B3B17DA0-A67D-4B49-B3CB-5F00ECF3049E}"
EndProject
Global
	GlobalSection(SolutionConfigurationPlatforms) = preSolution
		Debug|Any CPU = Debug|Any CPU
		Release|Any CPU = Release|Any CPU
	EndGlobalSection
	GlobalSection(ProjectConfigurationPlatforms) = postSolution
		{B59B0489-1D35-4905-A560-7B7851FFC878}.Debug|Any CPU.ActiveCfg = Debug|Any CPU
		{B59B0489-1D35-4905-A560-7B7851FFC878}.Debug|Any CPU.Build.0 = Debug|Any CPU
		{B59B0489-1D35-4905-A560-7B7851FFC878}.Release|Any CPU.ActiveCfg = Release|Any CPU
		{B59B0489-1D35-4905-A560-7B7851FFC878}.Release|Any CPU.Build.0 = Release|Any CPU
		{17267E5C-C0EE-47BB-853B-FA537533DCFB}.Debug|Any CPU.ActiveCfg = Debug|Any CPU
		{17267E5C-C0EE-47BB-853B-FA537533DCFB}.Debug|Any CPU.Build.0 = Debug|Any CPU
		{17267E5C-C0EE-47BB-853B-FA537533DCFB}.Release|Any CPU.ActiveCfg = Release|Any CPU
		{17267E5C-C0EE-47BB-853B-FA537533DCFB}.Release|Any CPU.Build.0 = Release|Any CPU
		{B3B17DA0-A67D-4B49-B3CB-5F00ECF3049E}.Debug|Any CPU.ActiveCfg = Debug|Any CPU
		{B3B17DA0-A67D-4B49-B3CB-5F00ECF3049E}.Debug|Any CPU.Build.0 = Debug|Any CPU
		{B3B17DA0-A67D-4B49-B3CB-5F00ECF3049E}.Release|Any CPU.ActiveCfg = Release|Any CPU
		{B3B17DA0-A67D-4B49-B3CB-5F00ECF3049E}.Release|Any CPU.Build.0 = Release|Any CPU
	EndGlobalSection
	GlobalSection(SolutionProperties) = preSolution
		HideSolutionNode = FALSE
	EndGlobalSection
	GlobalSection(ExtensibilityGlobals) = postSolution
		SolutionGuid = {7DE3AEB1-C515-4F55-A154-7B45166BBA18}
	EndGlobalSection
EndGlobal
